
Microsoft Visual Studio Solution File, Format Version 12.00
# Visual Studio Version 16
VisualStudioVersion = 16.0.31129.286
MinimumVisualStudioVersion = 10.0.40219.1
Project("{FAE04EC0-301F-11D3-BF4B-00C04F79EFBC}") = "Proxy", "Proxy\Proxy.csproj", "{80242D96-EE01-4210-BB7B-256A1D9C3073}"
EndProject
Project("{FAE04EC0-301F-11D3-BF4B-00C04F79EFBC}") = "HeavyClient", "HeavyClient\HeavyClient.csproj", "{0B9FF8E5-3F42-4411-8AD8-75A148BAFFCD}"
	ProjectSection(ProjectDependencies) = postProject
		{036BE0A7-B643-41AB-A18B-2CCF01F58974} = {036BE0A7-B643-41AB-A18B-2CCF01F58974}
	EndProjectSection
EndProject
Project("{FAE04EC0-301F-11D3-BF4B-00C04F79EFBC}") = "Routing", "Routing\Routing.csproj", "{F5F13283-8999-446A-8D22-5205D2298B00}"
EndProject
Project("{FAE04EC0-301F-11D3-BF4B-00C04F79EFBC}") = "Host", "Host\Host.csproj", "{036BE0A7-B643-41AB-A18B-2CCF01F58974}"
EndProject
Global
	GlobalSection(SolutionConfigurationPlatforms) = preSolution
		Debug|Any CPU = Debug|Any CPU
		Release|Any CPU = Release|Any CPU
	EndGlobalSection
	GlobalSection(ProjectConfigurationPlatforms) = postSolution
		{80242D96-EE01-4210-BB7B-256A1D9C3073}.Debug|Any CPU.ActiveCfg = Debug|Any CPU
		{80242D96-EE01-4210-BB7B-256A1D9C3073}.Debug|Any CPU.Build.0 = Debug|Any CPU
		{80242D96-EE01-4210-BB7B-256A1D9C3073}.Release|Any CPU.ActiveCfg = Release|Any CPU
		{80242D96-EE01-4210-BB7B-256A1D9C3073}.Release|Any CPU.Build.0 = Release|Any CPU
		{0B9FF8E5-3F42-4411-8AD8-75A148BAFFCD}.Debug|Any CPU.ActiveCfg = Debug|Any CPU
		{0B9FF8E5-3F42-4411-8AD8-75A148BAFFCD}.Debug|Any CPU.Build.0 = Debug|Any CPU
		{0B9FF8E5-3F42-4411-8AD8-75A148BAFFCD}.Release|Any CPU.ActiveCfg = Release|Any CPU
		{0B9FF8E5-3F42-4411-8AD8-75A148BAFFCD}.Release|Any CPU.Build.0 = Release|Any CPU
		{F5F13283-8999-446A-8D22-5205D2298B00}.Debug|Any CPU.ActiveCfg = Debug|Any CPU
		{F5F13283-8999-446A-8D22-5205D2298B00}.Debug|Any CPU.Build.0 = Debug|Any CPU
		{F5F13283-8999-446A-8D22-5205D2298B00}.Release|Any CPU.ActiveCfg = Release|Any CPU
		{F5F13283-8999-446A-8D22-5205D2298B00}.Release|Any CPU.Build.0 = Release|Any CPU
		{036BE0A7-B643-41AB-A18B-2CCF01F58974}.Debug|Any CPU.ActiveCfg = Debug|Any CPU
		{036BE0A7-B643-41AB-A18B-2CCF01F58974}.Debug|Any CPU.Build.0 = Debug|Any CPU
		{036BE0A7-B643-41AB-A18B-2CCF01F58974}.Release|Any CPU.ActiveCfg = Release|Any CPU
		{036BE0A7-B643-41AB-A18B-2CCF01F58974}.Release|Any CPU.Build.0 = Release|Any CPU
	EndGlobalSection
	GlobalSection(SolutionProperties) = preSolution
		HideSolutionNode = FALSE
	EndGlobalSection
	GlobalSection(ExtensibilityGlobals) = postSolution
		SolutionGuid = {A08877BC-11EF-460C-8E3F-300FE8BD74C1}
	EndGlobalSection
EndGlobal
